
Microsoft Visual Studio Solution File, Format Version 12.00
# Visual Studio 2012
Project("{2150E333-8FDC-42A3-9474-1A3956D46DE8}") = "Solution Items", "Solution Items", "{F4139C22-9AF9-4C74-9FA6-D20CE2017DBE}"
	ProjectSection(SolutionItems) = preProject
		cleanup.mak = cleanup.mak
		cleanup_bash.bat = cleanup_bash.bat
		common.mak = common.mak
		custom.bat = custom.bat
		custom.mak = custom.mak
		custom.mak.template = custom.mak.template
		custom_bat_rule.bat = custom_bat_rule.bat
		custom_jzIntv.mak = custom_jzIntv.mak
		custom_jzIntv.mak.template = custom_jzIntv.mak.template
		custom_jzIntv_mak_rule.mak = custom_jzIntv_mak_rule.mak
		custom_mak_rule.mak = custom_mak_rule.mak
		setup_bash.bat = setup_bash.bat
		version.mak = version.mak
		version_tools.bat = version_tools.bat
		version_tools.mak = version_tools.mak
	EndProjectSection
EndProject
Project("{8BC9CEB8-8B4A-11D0-8D11-00A0C91BC942}") = "INTV.Version.Win", "INTV.Version\INTV.Version.Win.vcxproj", "{47F7AF54-FA4E-49A7-843F-DBAE2C062770}"
EndProject
Global
	GlobalSection(SolutionConfigurationPlatforms) = preSolution
		Debug|Win32 = Debug|Win32
		Release|Win32 = Release|Win32
	EndGlobalSection
	GlobalSection(ProjectConfigurationPlatforms) = postSolution
		{47F7AF54-FA4E-49A7-843F-DBAE2C062770}.Debug|Win32.ActiveCfg = Debug|Win32
		{47F7AF54-FA4E-49A7-843F-DBAE2C062770}.Debug|Win32.Build.0 = Debug|Win32
		{47F7AF54-FA4E-49A7-843F-DBAE2C062770}.Release|Win32.ActiveCfg = Release|Win32
		{47F7AF54-FA4E-49A7-843F-DBAE2C062770}.Release|Win32.Build.0 = Release|Win32
	EndGlobalSection
	GlobalSection(SolutionProperties) = preSolution
		HideSolutionNode = FALSE
	EndGlobalSection
EndGlobal
