
Microsoft Visual Studio Solution File, Format Version 11.00
# Visual Studio 2010
Project("{FAE04EC0-301F-11D3-BF4B-00C04F79EFBC}") = "LtoFlash.Mac", "LtoFlash\LtoFlash.Mac.csproj", "{BFDAE622-36B2-453D-92C8-C996BAA9E848}"
EndProject
Project("{FAE04EC0-301F-11D3-BF4B-00C04F79EFBC}") = "INTV.Core.Mac", "..\INTV.Core\INTV.Core.Mac.csproj", "{FB5C25FD-A481-48E9-A721-24DAE07DF67A}"
EndProject
Project("{FAE04EC0-301F-11D3-BF4B-00C04F79EFBC}") = "INTV.LtoFlash.Mac", "..\INTV.LtoFlash\INTV.LtoFlash.Mac.csproj", "{C22BB800-6112-49A6-A81B-882F6355ABE7}"
EndProject
Project("{FAE04EC0-301F-11D3-BF4B-00C04F79EFBC}") = "INTV.Shared.Mac", "..\INTV.Shared\INTV.Shared.Mac.csproj", "{245FD6EE-0B2E-4119-9211-4AA77511E23B}"
EndProject
Project("{FAE04EC0-301F-11D3-BF4B-00C04F79EFBC}") = "INTV.Intellicart.Mac", "..\INTV.Intellicart\INTV.Intellicart.Mac.csproj", "{D8818E02-AEEF-4973-BA87-ACA0B37EEBC1}"
EndProject
Project("{FAE04EC0-301F-11D3-BF4B-00C04F79EFBC}") = "INTV.jzIntv.Mac", "..\INTV.jzIntv\INTV.jzIntv.Mac.csproj", "{9AED5EDF-87C4-4852-881D-E18DDCC8CB97}"
EndProject
Project("{2150E333-8FDC-42A3-9474-1A3956D46DE8}") = "Specifications", "Specifications", "{4B0B90D6-FC58-41BA-BBB3-3FC48610CCB1}"
	ProjectSection(SolutionItems) = preProject
		..\..\doc\lfs_v2.txt = ..\..\doc\lfs_v2.txt
		..\..\doc\locutus_operating_modes.txt = ..\..\doc\locutus_operating_modes.txt
		..\..\doc\luigi_format.txt = ..\..\doc\luigi_format.txt
		..\..\doc\wire_protocol.txt = ..\..\doc\wire_protocol.txt
	EndProjectSection
EndProject
Project("{2150E333-8FDC-42A3-9474-1A3956D46DE8}") = "Solution Items", "Solution Items", "{6C3241D2-8326-466C-9D47-59F6FF54D1EF}"
	ProjectSection(SolutionItems) = preProject
		license.txt = license.txt
		README.txt = README.txt
	EndProjectSection
EndProject
Project("{FAE04EC0-301F-11D3-BF4B-00C04F79EFBC}") = "INTV.jzIntvUI.Mac", "..\INTV.jzIntvUI\INTV.jzIntvUI.Mac.csproj", "{A42922D4-8D80-41F0-BCAF-1416A5598D3E}"
EndProject
Global
	GlobalSection(SolutionConfigurationPlatforms) = preSolution
		Debug|x86 = Debug|x86
		Release|x86 = Release|x86
		AppStore|x86 = AppStore|x86
	EndGlobalSection
	GlobalSection(ProjectConfigurationPlatforms) = postSolution
		{245FD6EE-0B2E-4119-9211-4AA77511E23B}.AppStore|x86.ActiveCfg = Release|Any CPU
		{245FD6EE-0B2E-4119-9211-4AA77511E23B}.AppStore|x86.Build.0 = Release|Any CPU
		{245FD6EE-0B2E-4119-9211-4AA77511E23B}.Debug|x86.ActiveCfg = Debug|Any CPU
		{245FD6EE-0B2E-4119-9211-4AA77511E23B}.Debug|x86.Build.0 = Debug|Any CPU
		{245FD6EE-0B2E-4119-9211-4AA77511E23B}.Release|x86.ActiveCfg = Release|Any CPU
		{245FD6EE-0B2E-4119-9211-4AA77511E23B}.Release|x86.Build.0 = Release|Any CPU
		{9AED5EDF-87C4-4852-881D-E18DDCC8CB97}.AppStore|x86.ActiveCfg = Release|Any CPU
		{9AED5EDF-87C4-4852-881D-E18DDCC8CB97}.AppStore|x86.Build.0 = Release|Any CPU
		{9AED5EDF-87C4-4852-881D-E18DDCC8CB97}.Debug|x86.ActiveCfg = Debug|Any CPU
		{9AED5EDF-87C4-4852-881D-E18DDCC8CB97}.Debug|x86.Build.0 = Debug|Any CPU
		{9AED5EDF-87C4-4852-881D-E18DDCC8CB97}.Release|x86.ActiveCfg = Release|Any CPU
		{9AED5EDF-87C4-4852-881D-E18DDCC8CB97}.Release|x86.Build.0 = Release|Any CPU
		{A42922D4-8D80-41F0-BCAF-1416A5598D3E}.AppStore|x86.ActiveCfg = Release|Any CPU
		{A42922D4-8D80-41F0-BCAF-1416A5598D3E}.AppStore|x86.Build.0 = Release|Any CPU
		{A42922D4-8D80-41F0-BCAF-1416A5598D3E}.Debug|x86.ActiveCfg = Debug|Any CPU
		{A42922D4-8D80-41F0-BCAF-1416A5598D3E}.Debug|x86.Build.0 = Debug|Any CPU
		{A42922D4-8D80-41F0-BCAF-1416A5598D3E}.Release|x86.ActiveCfg = Release|Any CPU
		{A42922D4-8D80-41F0-BCAF-1416A5598D3E}.Release|x86.Build.0 = Release|Any CPU
		{BFDAE622-36B2-453D-92C8-C996BAA9E848}.AppStore|x86.ActiveCfg = AppStore|x86
		{BFDAE622-36B2-453D-92C8-C996BAA9E848}.AppStore|x86.Build.0 = AppStore|x86
		{BFDAE622-36B2-453D-92C8-C996BAA9E848}.Debug|x86.ActiveCfg = Debug|x86
		{BFDAE622-36B2-453D-92C8-C996BAA9E848}.Debug|x86.Build.0 = Debug|x86
		{BFDAE622-36B2-453D-92C8-C996BAA9E848}.Release|x86.ActiveCfg = Release|x86
		{BFDAE622-36B2-453D-92C8-C996BAA9E848}.Release|x86.Build.0 = Release|x86
		{C22BB800-6112-49A6-A81B-882F6355ABE7}.AppStore|x86.ActiveCfg = Release|Any CPU
		{C22BB800-6112-49A6-A81B-882F6355ABE7}.AppStore|x86.Build.0 = Release|Any CPU
		{C22BB800-6112-49A6-A81B-882F6355ABE7}.Debug|x86.ActiveCfg = Debug|Any CPU
		{C22BB800-6112-49A6-A81B-882F6355ABE7}.Debug|x86.Build.0 = Debug|Any CPU
		{C22BB800-6112-49A6-A81B-882F6355ABE7}.Release|x86.ActiveCfg = Release|Any CPU
		{C22BB800-6112-49A6-A81B-882F6355ABE7}.Release|x86.Build.0 = Release|Any CPU
		{D8818E02-AEEF-4973-BA87-ACA0B37EEBC1}.AppStore|x86.ActiveCfg = AppStore|Any CPU
		{D8818E02-AEEF-4973-BA87-ACA0B37EEBC1}.AppStore|x86.Build.0 = AppStore|Any CPU
		{D8818E02-AEEF-4973-BA87-ACA0B37EEBC1}.Debug|x86.ActiveCfg = Debug|Any CPU
		{D8818E02-AEEF-4973-BA87-ACA0B37EEBC1}.Debug|x86.Build.0 = Debug|Any CPU
		{D8818E02-AEEF-4973-BA87-ACA0B37EEBC1}.Release|x86.ActiveCfg = Release|Any CPU
		{D8818E02-AEEF-4973-BA87-ACA0B37EEBC1}.Release|x86.Build.0 = Release|Any CPU
		{FB5C25FD-A481-48E9-A721-24DAE07DF67A}.AppStore|x86.ActiveCfg = Release|Any CPU
		{FB5C25FD-A481-48E9-A721-24DAE07DF67A}.AppStore|x86.Build.0 = Release|Any CPU
		{FB5C25FD-A481-48E9-A721-24DAE07DF67A}.Debug|x86.ActiveCfg = Debug|Any CPU
		{FB5C25FD-A481-48E9-A721-24DAE07DF67A}.Debug|x86.Build.0 = Debug|Any CPU
		{FB5C25FD-A481-48E9-A721-24DAE07DF67A}.Release|x86.ActiveCfg = Release|Any CPU
		{FB5C25FD-A481-48E9-A721-24DAE07DF67A}.Release|x86.Build.0 = Release|Any CPU
	EndGlobalSection
	GlobalSection(NestedProjects) = preSolution
	EndGlobalSection
	GlobalSection(MonoDevelopProperties) = preSolution
		Policies = $0
		$0.TextStylePolicy = $1
		$1.FileWidth = 120
		$1.NoTabsAfterNonTabs = True
		$1.EolMarker = Windows
		$1.inheritsSet = VisualStudio
		$1.inheritsScope = text/plain
		$1.scope = text/plain
		$0.TextStylePolicy = $2
		$2.FileWidth = 120
		$2.NoTabsAfterNonTabs = True
		$2.EolMarker = Windows
		$2.inheritsSet = VisualStudio
		$2.inheritsScope = text/plain
		$2.scope = text/x-csharp
		$0.CSharpFormattingPolicy = $3
		$3.IndentSwitchBody = True
		$3.IndentPreprocessorDirectives = False
		$3.PropertyBraceStyle = NextLine
		$3.StatementBraceStyle = NextLine
		$3.ElseNewLinePlacement = NewLine
		$3.CatchNewLinePlacement = NewLine
		$3.FinallyNewLinePlacement = NewLine
		$3.BeforeMethodDeclarationParentheses = False
		$3.BeforeMethodCallParentheses = False
		$3.BeforeConstructorDeclarationParentheses = False
		$3.NewLineBeforeConstructorInitializerColon = NewLine
		$3.NewLineAfterConstructorInitializerColon = SameLine
		$3.BeforeIndexerDeclarationBracket = False
		$3.BeforeDelegateDeclarationParentheses = False
		$3.AfterDelegateDeclarationParameterComma = True
		$3.NewParentheses = False
		$3.SpacesBeforeBrackets = False
		$3.inheritsSet = Mono
		$3.inheritsScope = text/x-csharp
		$3.scope = text/x-csharp
		$0.StandardHeader = $4
		$4.Text = @// <copyright file=".cs" company="INTV Funhouse">\n// Copyright (c) 2014-2016 All Rights Reserved\n// <author>Steven A. Orth</author>\n//\n// This program is free software: you can redistribute it and/or modify it\n// under the terms of the GNU General Public License as published by the\n// Free Software Foundation, either version 2 of the License, or (at your\n// option) any later version.\n//\n// This program is distributed in the hope that it will be useful, but\n// WITHOUT ANY WARRANTY; without even the implied warranty of MERCHANTABILITY\n// or FITNESS FOR A PARTICULAR PURPOSE. See the GNU General Public License\n// for more details.\n//\n// You should have received a copy of the GNU General Public License along\n// with this software. If not, see: http://www.gnu.org/licenses/.\n// or write to the Free Software Foundation, Inc.,\n// 51 Franklin Street, Fifth Floor, Boston, MA 02110-1301, USA\n// </copyright>\n
		$4.IncludeInNewFiles = True
	EndGlobalSection
EndGlobal
