
Microsoft Visual Studio Solution File, Format Version 12.00
# Visual Studio 2012
Project("{FAE04EC0-301F-11D3-BF4B-00C04F79EFBC}") = "LtoFlash.xp", "LtoFlash\LtoFlash.xp.csproj", "{AD35CB02-A1DF-4C71-8C3E-742CC73CCCD5}"
	ProjectSection(ProjectDependencies) = postProject
		{5D607C5A-F89E-4EB3-B03E-194E65E0918B} = {5D607C5A-F89E-4EB3-B03E-194E65E0918B}
	EndProjectSection
EndProject
Project("{FAE04EC0-301F-11D3-BF4B-00C04F79EFBC}") = "INTV.Core.xp", "..\INTV.Core\INTV.Core.xp.csproj", "{0D1617BA-2AC7-47EE-A71E-4EDFB0140EA7}"
EndProject
Project("{FAE04EC0-301F-11D3-BF4B-00C04F79EFBC}") = "INTV.Shared.xp", "..\INTV.Shared\INTV.Shared.xp.csproj", "{C852CAA1-ABE8-45D7-8BC5-94B61B71617A}"
EndProject
Project("{FAE04EC0-301F-11D3-BF4B-00C04F79EFBC}") = "INTV.Ribbon.xp", "..\INTV.Ribbon\INTV.Ribbon.xp.csproj", "{5C833300-A573-4F08-92E7-B02C7E8AA41D}"
EndProject
Project("{FAE04EC0-301F-11D3-BF4B-00C04F79EFBC}") = "INTV.LtoFlash.xp", "..\INTV.LtoFlash\INTV.LtoFlash.xp.csproj", "{01112EF8-65A5-44D5-B2C3-5A2AAE35AE57}"
EndProject
Project("{FAE04EC0-301F-11D3-BF4B-00C04F79EFBC}") = "INTV.jzIntv.xp", "..\INTV.jzIntv\INTV.jzIntv.xp.csproj", "{AADD62F4-9002-4CE4-AAFF-27FF12E3FA68}"
EndProject
Project("{FAE04EC0-301F-11D3-BF4B-00C04F79EFBC}") = "INTV.Intellicart.xp", "..\INTV.Intellicart\INTV.Intellicart.xp.csproj", "{5D607C5A-F89E-4EB3-B03E-194E65E0918B}"
EndProject
Project("{2150E333-8FDC-42A3-9474-1A3956D46DE8}") = "Solution Items", "Solution Items", "{1E13D37C-4F50-4398-BD59-39F303D166DA}"
	ProjectSection(SolutionItems) = preProject
		license.txt = license.txt
		README.txt = README.txt
	EndProjectSection
EndProject
Project("{FAE04EC0-301F-11D3-BF4B-00C04F79EFBC}") = "INTV.jzIntvUI.xp", "..\INTV.jzIntvUI\INTV.jzIntvUI.xp.csproj", "{E3A74F20-E27F-42BF-9ED7-48B033B878FE}"
EndProject
Global
	GlobalSection(SolutionConfigurationPlatforms) = preSolution
		CD_ROM|Any CPU = CD_ROM|Any CPU
		CD_ROM|Mixed Platforms = CD_ROM|Mixed Platforms
		CD_ROM|Win32 = CD_ROM|Win32
		CD_ROM|x64 = CD_ROM|x64
		CD_ROM|x86 = CD_ROM|x86
		CodeAnalysisDebug|Any CPU = CodeAnalysisDebug|Any CPU
		CodeAnalysisDebug|Mixed Platforms = CodeAnalysisDebug|Mixed Platforms
		CodeAnalysisDebug|Win32 = CodeAnalysisDebug|Win32
		CodeAnalysisDebug|x64 = CodeAnalysisDebug|x64
		CodeAnalysisDebug|x86 = CodeAnalysisDebug|x86
		Debug|Any CPU = Debug|Any CPU
		Debug|Mixed Platforms = Debug|Mixed Platforms
		Debug|Win32 = Debug|Win32
		Debug|x64 = Debug|x64
		Debug|x86 = Debug|x86
		DVD-5|Any CPU = DVD-5|Any CPU
		DVD-5|Mixed Platforms = DVD-5|Mixed Platforms
		DVD-5|Win32 = DVD-5|Win32
		DVD-5|x64 = DVD-5|x64
		DVD-5|x86 = DVD-5|x86
		Release|Any CPU = Release|Any CPU
		Release|Mixed Platforms = Release|Mixed Platforms
		Release|Win32 = Release|Win32
		Release|x64 = Release|x64
		Release|x86 = Release|x86
		SingleImage|Any CPU = SingleImage|Any CPU
		SingleImage|Mixed Platforms = SingleImage|Mixed Platforms
		SingleImage|Win32 = SingleImage|Win32
		SingleImage|x64 = SingleImage|x64
		SingleImage|x86 = SingleImage|x86
	EndGlobalSection
	GlobalSection(ProjectConfigurationPlatforms) = postSolution
		{AD35CB02-A1DF-4C71-8C3E-742CC73CCCD5}.CD_ROM|Any CPU.ActiveCfg = Release|Any CPU
		{AD35CB02-A1DF-4C71-8C3E-742CC73CCCD5}.CD_ROM|Any CPU.Build.0 = Release|Any CPU
		{AD35CB02-A1DF-4C71-8C3E-742CC73CCCD5}.CD_ROM|Mixed Platforms.ActiveCfg = Release|Any CPU
		{AD35CB02-A1DF-4C71-8C3E-742CC73CCCD5}.CD_ROM|Mixed Platforms.Build.0 = Release|Any CPU
		{AD35CB02-A1DF-4C71-8C3E-742CC73CCCD5}.CD_ROM|Win32.ActiveCfg = Release|Any CPU
		{AD35CB02-A1DF-4C71-8C3E-742CC73CCCD5}.CD_ROM|x64.ActiveCfg = Release|Any CPU
		{AD35CB02-A1DF-4C71-8C3E-742CC73CCCD5}.CD_ROM|x86.ActiveCfg = Release|Any CPU
		{AD35CB02-A1DF-4C71-8C3E-742CC73CCCD5}.CodeAnalysisDebug|Any CPU.ActiveCfg = Debug|Any CPU
		{AD35CB02-A1DF-4C71-8C3E-742CC73CCCD5}.CodeAnalysisDebug|Any CPU.Build.0 = Debug|Any CPU
		{AD35CB02-A1DF-4C71-8C3E-742CC73CCCD5}.CodeAnalysisDebug|Mixed Platforms.ActiveCfg = Debug|Any CPU
		{AD35CB02-A1DF-4C71-8C3E-742CC73CCCD5}.CodeAnalysisDebug|Mixed Platforms.Build.0 = Debug|Any CPU
		{AD35CB02-A1DF-4C71-8C3E-742CC73CCCD5}.CodeAnalysisDebug|Win32.ActiveCfg = Debug|Any CPU
		{AD35CB02-A1DF-4C71-8C3E-742CC73CCCD5}.CodeAnalysisDebug|x64.ActiveCfg = Debug|Any CPU
		{AD35CB02-A1DF-4C71-8C3E-742CC73CCCD5}.CodeAnalysisDebug|x86.ActiveCfg = Debug|Any CPU
		{AD35CB02-A1DF-4C71-8C3E-742CC73CCCD5}.Debug|Any CPU.ActiveCfg = Debug|Any CPU
		{AD35CB02-A1DF-4C71-8C3E-742CC73CCCD5}.Debug|Any CPU.Build.0 = Debug|Any CPU
		{AD35CB02-A1DF-4C71-8C3E-742CC73CCCD5}.Debug|Mixed Platforms.ActiveCfg = Debug|Any CPU
		{AD35CB02-A1DF-4C71-8C3E-742CC73CCCD5}.Debug|Mixed Platforms.Build.0 = Debug|Any CPU
		{AD35CB02-A1DF-4C71-8C3E-742CC73CCCD5}.Debug|Win32.ActiveCfg = Debug|Any CPU
		{AD35CB02-A1DF-4C71-8C3E-742CC73CCCD5}.Debug|x64.ActiveCfg = Debug|Any CPU
		{AD35CB02-A1DF-4C71-8C3E-742CC73CCCD5}.Debug|x86.ActiveCfg = Debug|Any CPU
		{AD35CB02-A1DF-4C71-8C3E-742CC73CCCD5}.DVD-5|Any CPU.ActiveCfg = Debug|Any CPU
		{AD35CB02-A1DF-4C71-8C3E-742CC73CCCD5}.DVD-5|Any CPU.Build.0 = Debug|Any CPU
		{AD35CB02-A1DF-4C71-8C3E-742CC73CCCD5}.DVD-5|Mixed Platforms.ActiveCfg = Debug|Any CPU
		{AD35CB02-A1DF-4C71-8C3E-742CC73CCCD5}.DVD-5|Mixed Platforms.Build.0 = Debug|Any CPU
		{AD35CB02-A1DF-4C71-8C3E-742CC73CCCD5}.DVD-5|Win32.ActiveCfg = Debug|Any CPU
		{AD35CB02-A1DF-4C71-8C3E-742CC73CCCD5}.DVD-5|x64.ActiveCfg = Debug|Any CPU
		{AD35CB02-A1DF-4C71-8C3E-742CC73CCCD5}.DVD-5|x86.ActiveCfg = Debug|Any CPU
		{AD35CB02-A1DF-4C71-8C3E-742CC73CCCD5}.Release|Any CPU.ActiveCfg = Release|Any CPU
		{AD35CB02-A1DF-4C71-8C3E-742CC73CCCD5}.Release|Any CPU.Build.0 = Release|Any CPU
		{AD35CB02-A1DF-4C71-8C3E-742CC73CCCD5}.Release|Mixed Platforms.ActiveCfg = Release|Any CPU
		{AD35CB02-A1DF-4C71-8C3E-742CC73CCCD5}.Release|Mixed Platforms.Build.0 = Release|Any CPU
		{AD35CB02-A1DF-4C71-8C3E-742CC73CCCD5}.Release|Win32.ActiveCfg = Release|Any CPU
		{AD35CB02-A1DF-4C71-8C3E-742CC73CCCD5}.Release|x64.ActiveCfg = Release|Any CPU
		{AD35CB02-A1DF-4C71-8C3E-742CC73CCCD5}.Release|x86.ActiveCfg = Release|Any CPU
		{AD35CB02-A1DF-4C71-8C3E-742CC73CCCD5}.SingleImage|Any CPU.ActiveCfg = Release|Any CPU
		{AD35CB02-A1DF-4C71-8C3E-742CC73CCCD5}.SingleImage|Any CPU.Build.0 = Release|Any CPU
		{AD35CB02-A1DF-4C71-8C3E-742CC73CCCD5}.SingleImage|Mixed Platforms.ActiveCfg = Release|Any CPU
		{AD35CB02-A1DF-4C71-8C3E-742CC73CCCD5}.SingleImage|Mixed Platforms.Build.0 = Release|Any CPU
		{AD35CB02-A1DF-4C71-8C3E-742CC73CCCD5}.SingleImage|Win32.ActiveCfg = Release|Any CPU
		{AD35CB02-A1DF-4C71-8C3E-742CC73CCCD5}.SingleImage|x64.ActiveCfg = Release|Any CPU
		{AD35CB02-A1DF-4C71-8C3E-742CC73CCCD5}.SingleImage|x86.ActiveCfg = Release|Any CPU
		{0D1617BA-2AC7-47EE-A71E-4EDFB0140EA7}.CD_ROM|Any CPU.ActiveCfg = Release|Any CPU
		{0D1617BA-2AC7-47EE-A71E-4EDFB0140EA7}.CD_ROM|Any CPU.Build.0 = Release|Any CPU
		{0D1617BA-2AC7-47EE-A71E-4EDFB0140EA7}.CD_ROM|Mixed Platforms.ActiveCfg = Release|Any CPU
		{0D1617BA-2AC7-47EE-A71E-4EDFB0140EA7}.CD_ROM|Mixed Platforms.Build.0 = Release|Any CPU
		{0D1617BA-2AC7-47EE-A71E-4EDFB0140EA7}.CD_ROM|Win32.ActiveCfg = Release|Any CPU
		{0D1617BA-2AC7-47EE-A71E-4EDFB0140EA7}.CD_ROM|x64.ActiveCfg = Release|Any CPU
		{0D1617BA-2AC7-47EE-A71E-4EDFB0140EA7}.CD_ROM|x86.ActiveCfg = Release|Any CPU
		{0D1617BA-2AC7-47EE-A71E-4EDFB0140EA7}.CodeAnalysisDebug|Any CPU.ActiveCfg = Debug|Any CPU
		{0D1617BA-2AC7-47EE-A71E-4EDFB0140EA7}.CodeAnalysisDebug|Any CPU.Build.0 = Debug|Any CPU
		{0D1617BA-2AC7-47EE-A71E-4EDFB0140EA7}.CodeAnalysisDebug|Mixed Platforms.ActiveCfg = Debug|Any CPU
		{0D1617BA-2AC7-47EE-A71E-4EDFB0140EA7}.CodeAnalysisDebug|Mixed Platforms.Build.0 = Debug|Any CPU
		{0D1617BA-2AC7-47EE-A71E-4EDFB0140EA7}.CodeAnalysisDebug|Win32.ActiveCfg = Debug|Any CPU
		{0D1617BA-2AC7-47EE-A71E-4EDFB0140EA7}.CodeAnalysisDebug|x64.ActiveCfg = Debug|Any CPU
		{0D1617BA-2AC7-47EE-A71E-4EDFB0140EA7}.CodeAnalysisDebug|x86.ActiveCfg = Debug|Any CPU
		{0D1617BA-2AC7-47EE-A71E-4EDFB0140EA7}.Debug|Any CPU.ActiveCfg = Debug|Any CPU
		{0D1617BA-2AC7-47EE-A71E-4EDFB0140EA7}.Debug|Any CPU.Build.0 = Debug|Any CPU
		{0D1617BA-2AC7-47EE-A71E-4EDFB0140EA7}.Debug|Mixed Platforms.ActiveCfg = Debug|Any CPU
		{0D1617BA-2AC7-47EE-A71E-4EDFB0140EA7}.Debug|Mixed Platforms.Build.0 = Debug|Any CPU
		{0D1617BA-2AC7-47EE-A71E-4EDFB0140EA7}.Debug|Win32.ActiveCfg = Debug|Any CPU
		{0D1617BA-2AC7-47EE-A71E-4EDFB0140EA7}.Debug|x64.ActiveCfg = Debug|Any CPU
		{0D1617BA-2AC7-47EE-A71E-4EDFB0140EA7}.Debug|x86.ActiveCfg = Debug|Any CPU
		{0D1617BA-2AC7-47EE-A71E-4EDFB0140EA7}.DVD-5|Any CPU.ActiveCfg = Debug|Any CPU
		{0D1617BA-2AC7-47EE-A71E-4EDFB0140EA7}.DVD-5|Any CPU.Build.0 = Debug|Any CPU
		{0D1617BA-2AC7-47EE-A71E-4EDFB0140EA7}.DVD-5|Mixed Platforms.ActiveCfg = Debug|Any CPU
		{0D1617BA-2AC7-47EE-A71E-4EDFB0140EA7}.DVD-5|Mixed Platforms.Build.0 = Debug|Any CPU
		{0D1617BA-2AC7-47EE-A71E-4EDFB0140EA7}.DVD-5|Win32.ActiveCfg = Debug|Any CPU
		{0D1617BA-2AC7-47EE-A71E-4EDFB0140EA7}.DVD-5|x64.ActiveCfg = Debug|Any CPU
		{0D1617BA-2AC7-47EE-A71E-4EDFB0140EA7}.DVD-5|x86.ActiveCfg = Debug|Any CPU
		{0D1617BA-2AC7-47EE-A71E-4EDFB0140EA7}.Release|Any CPU.ActiveCfg = Release|Any CPU
		{0D1617BA-2AC7-47EE-A71E-4EDFB0140EA7}.Release|Any CPU.Build.0 = Release|Any CPU
		{0D1617BA-2AC7-47EE-A71E-4EDFB0140EA7}.Release|Mixed Platforms.ActiveCfg = Release|Any CPU
		{0D1617BA-2AC7-47EE-A71E-4EDFB0140EA7}.Release|Mixed Platforms.Build.0 = Release|Any CPU
		{0D1617BA-2AC7-47EE-A71E-4EDFB0140EA7}.Release|Win32.ActiveCfg = Release|Any CPU
		{0D1617BA-2AC7-47EE-A71E-4EDFB0140EA7}.Release|x64.ActiveCfg = Release|Any CPU
		{0D1617BA-2AC7-47EE-A71E-4EDFB0140EA7}.Release|x86.ActiveCfg = Release|Any CPU
		{0D1617BA-2AC7-47EE-A71E-4EDFB0140EA7}.SingleImage|Any CPU.ActiveCfg = Release|Any CPU
		{0D1617BA-2AC7-47EE-A71E-4EDFB0140EA7}.SingleImage|Any CPU.Build.0 = Release|Any CPU
		{0D1617BA-2AC7-47EE-A71E-4EDFB0140EA7}.SingleImage|Mixed Platforms.ActiveCfg = Release|Any CPU
		{0D1617BA-2AC7-47EE-A71E-4EDFB0140EA7}.SingleImage|Mixed Platforms.Build.0 = Release|Any CPU
		{0D1617BA-2AC7-47EE-A71E-4EDFB0140EA7}.SingleImage|Win32.ActiveCfg = Release|Any CPU
		{0D1617BA-2AC7-47EE-A71E-4EDFB0140EA7}.SingleImage|x64.ActiveCfg = Release|Any CPU
		{0D1617BA-2AC7-47EE-A71E-4EDFB0140EA7}.SingleImage|x86.ActiveCfg = Release|Any CPU
		{C852CAA1-ABE8-45D7-8BC5-94B61B71617A}.CD_ROM|Any CPU.ActiveCfg = Release|Any CPU
		{C852CAA1-ABE8-45D7-8BC5-94B61B71617A}.CD_ROM|Any CPU.Build.0 = Release|Any CPU
		{C852CAA1-ABE8-45D7-8BC5-94B61B71617A}.CD_ROM|Mixed Platforms.ActiveCfg = Release|Any CPU
		{C852CAA1-ABE8-45D7-8BC5-94B61B71617A}.CD_ROM|Mixed Platforms.Build.0 = Release|Any CPU
		{C852CAA1-ABE8-45D7-8BC5-94B61B71617A}.CD_ROM|Win32.ActiveCfg = Release|Any CPU
		{C852CAA1-ABE8-45D7-8BC5-94B61B71617A}.CD_ROM|x64.ActiveCfg = Release|Any CPU
		{C852CAA1-ABE8-45D7-8BC5-94B61B71617A}.CD_ROM|x86.ActiveCfg = Release|Any CPU
		{C852CAA1-ABE8-45D7-8BC5-94B61B71617A}.CodeAnalysisDebug|Any CPU.ActiveCfg = Debug|Any CPU
		{C852CAA1-ABE8-45D7-8BC5-94B61B71617A}.CodeAnalysisDebug|Any CPU.Build.0 = Debug|Any CPU
		{C852CAA1-ABE8-45D7-8BC5-94B61B71617A}.CodeAnalysisDebug|Mixed Platforms.ActiveCfg = Debug|Any CPU
		{C852CAA1-ABE8-45D7-8BC5-94B61B71617A}.CodeAnalysisDebug|Mixed Platforms.Build.0 = Debug|Any CPU
		{C852CAA1-ABE8-45D7-8BC5-94B61B71617A}.CodeAnalysisDebug|Win32.ActiveCfg = Debug|Any CPU
		{C852CAA1-ABE8-45D7-8BC5-94B61B71617A}.CodeAnalysisDebug|x64.ActiveCfg = Debug|Any CPU
		{C852CAA1-ABE8-45D7-8BC5-94B61B71617A}.CodeAnalysisDebug|x86.ActiveCfg = Debug|Any CPU
		{C852CAA1-ABE8-45D7-8BC5-94B61B71617A}.Debug|Any CPU.ActiveCfg = Debug|Any CPU
		{C852CAA1-ABE8-45D7-8BC5-94B61B71617A}.Debug|Any CPU.Build.0 = Debug|Any CPU
		{C852CAA1-ABE8-45D7-8BC5-94B61B71617A}.Debug|Mixed Platforms.ActiveCfg = Debug|Any CPU
		{C852CAA1-ABE8-45D7-8BC5-94B61B71617A}.Debug|Mixed Platforms.Build.0 = Debug|Any CPU
		{C852CAA1-ABE8-45D7-8BC5-94B61B71617A}.Debug|Win32.ActiveCfg = Debug|Any CPU
		{C852CAA1-ABE8-45D7-8BC5-94B61B71617A}.Debug|x64.ActiveCfg = Debug|Any CPU
		{C852CAA1-ABE8-45D7-8BC5-94B61B71617A}.Debug|x86.ActiveCfg = Debug|Any CPU
		{C852CAA1-ABE8-45D7-8BC5-94B61B71617A}.DVD-5|Any CPU.ActiveCfg = Debug|Any CPU
		{C852CAA1-ABE8-45D7-8BC5-94B61B71617A}.DVD-5|Any CPU.Build.0 = Debug|Any CPU
		{C852CAA1-ABE8-45D7-8BC5-94B61B71617A}.DVD-5|Mixed Platforms.ActiveCfg = Debug|Any CPU
		{C852CAA1-ABE8-45D7-8BC5-94B61B71617A}.DVD-5|Mixed Platforms.Build.0 = Debug|Any CPU
		{C852CAA1-ABE8-45D7-8BC5-94B61B71617A}.DVD-5|Win32.ActiveCfg = Debug|Any CPU
		{C852CAA1-ABE8-45D7-8BC5-94B61B71617A}.DVD-5|x64.ActiveCfg = Debug|Any CPU
		{C852CAA1-ABE8-45D7-8BC5-94B61B71617A}.DVD-5|x86.ActiveCfg = Debug|Any CPU
		{C852CAA1-ABE8-45D7-8BC5-94B61B71617A}.Release|Any CPU.ActiveCfg = Release|Any CPU
		{C852CAA1-ABE8-45D7-8BC5-94B61B71617A}.Release|Any CPU.Build.0 = Release|Any CPU
		{C852CAA1-ABE8-45D7-8BC5-94B61B71617A}.Release|Mixed Platforms.ActiveCfg = Release|Any CPU
		{C852CAA1-ABE8-45D7-8BC5-94B61B71617A}.Release|Mixed Platforms.Build.0 = Release|Any CPU
		{C852CAA1-ABE8-45D7-8BC5-94B61B71617A}.Release|Win32.ActiveCfg = Release|Any CPU
		{C852CAA1-ABE8-45D7-8BC5-94B61B71617A}.Release|x64.ActiveCfg = Release|Any CPU
		{C852CAA1-ABE8-45D7-8BC5-94B61B71617A}.Release|x86.ActiveCfg = Release|Any CPU
		{C852CAA1-ABE8-45D7-8BC5-94B61B71617A}.SingleImage|Any CPU.ActiveCfg = Release|Any CPU
		{C852CAA1-ABE8-45D7-8BC5-94B61B71617A}.SingleImage|Any CPU.Build.0 = Release|Any CPU
		{C852CAA1-ABE8-45D7-8BC5-94B61B71617A}.SingleImage|Mixed Platforms.ActiveCfg = Release|Any CPU
		{C852CAA1-ABE8-45D7-8BC5-94B61B71617A}.SingleImage|Mixed Platforms.Build.0 = Release|Any CPU
		{C852CAA1-ABE8-45D7-8BC5-94B61B71617A}.SingleImage|Win32.ActiveCfg = Release|Any CPU
		{C852CAA1-ABE8-45D7-8BC5-94B61B71617A}.SingleImage|x64.ActiveCfg = Release|Any CPU
		{C852CAA1-ABE8-45D7-8BC5-94B61B71617A}.SingleImage|x86.ActiveCfg = Release|Any CPU
		{5C833300-A573-4F08-92E7-B02C7E8AA41D}.CD_ROM|Any CPU.ActiveCfg = Release|Any CPU
		{5C833300-A573-4F08-92E7-B02C7E8AA41D}.CD_ROM|Any CPU.Build.0 = Release|Any CPU
		{5C833300-A573-4F08-92E7-B02C7E8AA41D}.CD_ROM|Mixed Platforms.ActiveCfg = Release|Any CPU
		{5C833300-A573-4F08-92E7-B02C7E8AA41D}.CD_ROM|Mixed Platforms.Build.0 = Release|Any CPU
		{5C833300-A573-4F08-92E7-B02C7E8AA41D}.CD_ROM|Win32.ActiveCfg = Release|Any CPU
		{5C833300-A573-4F08-92E7-B02C7E8AA41D}.CD_ROM|x64.ActiveCfg = Release|Any CPU
		{5C833300-A573-4F08-92E7-B02C7E8AA41D}.CD_ROM|x86.ActiveCfg = Release|Any CPU
		{5C833300-A573-4F08-92E7-B02C7E8AA41D}.CodeAnalysisDebug|Any CPU.ActiveCfg = Debug|Any CPU
		{5C833300-A573-4F08-92E7-B02C7E8AA41D}.CodeAnalysisDebug|Any CPU.Build.0 = Debug|Any CPU
		{5C833300-A573-4F08-92E7-B02C7E8AA41D}.CodeAnalysisDebug|Mixed Platforms.ActiveCfg = Debug|Any CPU
		{5C833300-A573-4F08-92E7-B02C7E8AA41D}.CodeAnalysisDebug|Mixed Platforms.Build.0 = Debug|Any CPU
		{5C833300-A573-4F08-92E7-B02C7E8AA41D}.CodeAnalysisDebug|Win32.ActiveCfg = Debug|Any CPU
		{5C833300-A573-4F08-92E7-B02C7E8AA41D}.CodeAnalysisDebug|x64.ActiveCfg = Debug|Any CPU
		{5C833300-A573-4F08-92E7-B02C7E8AA41D}.CodeAnalysisDebug|x86.ActiveCfg = Debug|Any CPU
		{5C833300-A573-4F08-92E7-B02C7E8AA41D}.Debug|Any CPU.ActiveCfg = Debug|Any CPU
		{5C833300-A573-4F08-92E7-B02C7E8AA41D}.Debug|Any CPU.Build.0 = Debug|Any CPU
		{5C833300-A573-4F08-92E7-B02C7E8AA41D}.Debug|Mixed Platforms.ActiveCfg = Debug|Any CPU
		{5C833300-A573-4F08-92E7-B02C7E8AA41D}.Debug|Mixed Platforms.Build.0 = Debug|Any CPU
		{5C833300-A573-4F08-92E7-B02C7E8AA41D}.Debug|Win32.ActiveCfg = Debug|Any CPU
		{5C833300-A573-4F08-92E7-B02C7E8AA41D}.Debug|x64.ActiveCfg = Debug|Any CPU
		{5C833300-A573-4F08-92E7-B02C7E8AA41D}.Debug|x86.ActiveCfg = Debug|Any CPU
		{5C833300-A573-4F08-92E7-B02C7E8AA41D}.DVD-5|Any CPU.ActiveCfg = Debug|Any CPU
		{5C833300-A573-4F08-92E7-B02C7E8AA41D}.DVD-5|Any CPU.Build.0 = Debug|Any CPU
		{5C833300-A573-4F08-92E7-B02C7E8AA41D}.DVD-5|Mixed Platforms.ActiveCfg = Debug|Any CPU
		{5C833300-A573-4F08-92E7-B02C7E8AA41D}.DVD-5|Mixed Platforms.Build.0 = Debug|Any CPU
		{5C833300-A573-4F08-92E7-B02C7E8AA41D}.DVD-5|Win32.ActiveCfg = Debug|Any CPU
		{5C833300-A573-4F08-92E7-B02C7E8AA41D}.DVD-5|x64.ActiveCfg = Debug|Any CPU
		{5C833300-A573-4F08-92E7-B02C7E8AA41D}.DVD-5|x86.ActiveCfg = Debug|Any CPU
		{5C833300-A573-4F08-92E7-B02C7E8AA41D}.Release|Any CPU.ActiveCfg = Release|Any CPU
		{5C833300-A573-4F08-92E7-B02C7E8AA41D}.Release|Any CPU.Build.0 = Release|Any CPU
		{5C833300-A573-4F08-92E7-B02C7E8AA41D}.Release|Mixed Platforms.ActiveCfg = Release|Any CPU
		{5C833300-A573-4F08-92E7-B02C7E8AA41D}.Release|Mixed Platforms.Build.0 = Release|Any CPU
		{5C833300-A573-4F08-92E7-B02C7E8AA41D}.Release|Win32.ActiveCfg = Release|Any CPU
		{5C833300-A573-4F08-92E7-B02C7E8AA41D}.Release|x64.ActiveCfg = Release|Any CPU
		{5C833300-A573-4F08-92E7-B02C7E8AA41D}.Release|x86.ActiveCfg = Release|Any CPU
		{5C833300-A573-4F08-92E7-B02C7E8AA41D}.SingleImage|Any CPU.ActiveCfg = Release|Any CPU
		{5C833300-A573-4F08-92E7-B02C7E8AA41D}.SingleImage|Any CPU.Build.0 = Release|Any CPU
		{5C833300-A573-4F08-92E7-B02C7E8AA41D}.SingleImage|Mixed Platforms.ActiveCfg = Release|Any CPU
		{5C833300-A573-4F08-92E7-B02C7E8AA41D}.SingleImage|Mixed Platforms.Build.0 = Release|Any CPU
		{5C833300-A573-4F08-92E7-B02C7E8AA41D}.SingleImage|Win32.ActiveCfg = Release|Any CPU
		{5C833300-A573-4F08-92E7-B02C7E8AA41D}.SingleImage|x64.ActiveCfg = Release|Any CPU
		{5C833300-A573-4F08-92E7-B02C7E8AA41D}.SingleImage|x86.ActiveCfg = Release|Any CPU
		{01112EF8-65A5-44D5-B2C3-5A2AAE35AE57}.CD_ROM|Any CPU.ActiveCfg = Release|Any CPU
		{01112EF8-65A5-44D5-B2C3-5A2AAE35AE57}.CD_ROM|Any CPU.Build.0 = Release|Any CPU
		{01112EF8-65A5-44D5-B2C3-5A2AAE35AE57}.CD_ROM|Mixed Platforms.ActiveCfg = Release|Any CPU
		{01112EF8-65A5-44D5-B2C3-5A2AAE35AE57}.CD_ROM|Mixed Platforms.Build.0 = Release|Any CPU
		{01112EF8-65A5-44D5-B2C3-5A2AAE35AE57}.CD_ROM|Win32.ActiveCfg = Release|Any CPU
		{01112EF8-65A5-44D5-B2C3-5A2AAE35AE57}.CD_ROM|x64.ActiveCfg = Release|Any CPU
		{01112EF8-65A5-44D5-B2C3-5A2AAE35AE57}.CD_ROM|x86.ActiveCfg = Release|Any CPU
		{01112EF8-65A5-44D5-B2C3-5A2AAE35AE57}.CodeAnalysisDebug|Any CPU.ActiveCfg = Debug|Any CPU
		{01112EF8-65A5-44D5-B2C3-5A2AAE35AE57}.CodeAnalysisDebug|Any CPU.Build.0 = Debug|Any CPU
		{01112EF8-65A5-44D5-B2C3-5A2AAE35AE57}.CodeAnalysisDebug|Mixed Platforms.ActiveCfg = Debug|Any CPU
		{01112EF8-65A5-44D5-B2C3-5A2AAE35AE57}.CodeAnalysisDebug|Mixed Platforms.Build.0 = Debug|Any CPU
		{01112EF8-65A5-44D5-B2C3-5A2AAE35AE57}.CodeAnalysisDebug|Win32.ActiveCfg = Debug|Any CPU
		{01112EF8-65A5-44D5-B2C3-5A2AAE35AE57}.CodeAnalysisDebug|x64.ActiveCfg = Debug|Any CPU
		{01112EF8-65A5-44D5-B2C3-5A2AAE35AE57}.CodeAnalysisDebug|x86.ActiveCfg = Debug|Any CPU
		{01112EF8-65A5-44D5-B2C3-5A2AAE35AE57}.Debug|Any CPU.ActiveCfg = Debug|Any CPU
		{01112EF8-65A5-44D5-B2C3-5A2AAE35AE57}.Debug|Any CPU.Build.0 = Debug|Any CPU
		{01112EF8-65A5-44D5-B2C3-5A2AAE35AE57}.Debug|Mixed Platforms.ActiveCfg = Debug|Any CPU
		{01112EF8-65A5-44D5-B2C3-5A2AAE35AE57}.Debug|Mixed Platforms.Build.0 = Debug|Any CPU
		{01112EF8-65A5-44D5-B2C3-5A2AAE35AE57}.Debug|Win32.ActiveCfg = Debug|Any CPU
		{01112EF8-65A5-44D5-B2C3-5A2AAE35AE57}.Debug|x64.ActiveCfg = Debug|Any CPU
		{01112EF8-65A5-44D5-B2C3-5A2AAE35AE57}.Debug|x86.ActiveCfg = Debug|Any CPU
		{01112EF8-65A5-44D5-B2C3-5A2AAE35AE57}.DVD-5|Any CPU.ActiveCfg = Debug|Any CPU
		{01112EF8-65A5-44D5-B2C3-5A2AAE35AE57}.DVD-5|Any CPU.Build.0 = Debug|Any CPU
		{01112EF8-65A5-44D5-B2C3-5A2AAE35AE57}.DVD-5|Mixed Platforms.ActiveCfg = Debug|Any CPU
		{01112EF8-65A5-44D5-B2C3-5A2AAE35AE57}.DVD-5|Mixed Platforms.Build.0 = Debug|Any CPU
		{01112EF8-65A5-44D5-B2C3-5A2AAE35AE57}.DVD-5|Win32.ActiveCfg = Debug|Any CPU
		{01112EF8-65A5-44D5-B2C3-5A2AAE35AE57}.DVD-5|x64.ActiveCfg = Debug|Any CPU
		{01112EF8-65A5-44D5-B2C3-5A2AAE35AE57}.DVD-5|x86.ActiveCfg = Debug|Any CPU
		{01112EF8-65A5-44D5-B2C3-5A2AAE35AE57}.Release|Any CPU.ActiveCfg = Release|Any CPU
		{01112EF8-65A5-44D5-B2C3-5A2AAE35AE57}.Release|Any CPU.Build.0 = Release|Any CPU
		{01112EF8-65A5-44D5-B2C3-5A2AAE35AE57}.Release|Mixed Platforms.ActiveCfg = Release|Any CPU
		{01112EF8-65A5-44D5-B2C3-5A2AAE35AE57}.Release|Mixed Platforms.Build.0 = Release|Any CPU
		{01112EF8-65A5-44D5-B2C3-5A2AAE35AE57}.Release|Win32.ActiveCfg = Release|Any CPU
		{01112EF8-65A5-44D5-B2C3-5A2AAE35AE57}.Release|x64.ActiveCfg = Release|Any CPU
		{01112EF8-65A5-44D5-B2C3-5A2AAE35AE57}.Release|x86.ActiveCfg = Release|Any CPU
		{01112EF8-65A5-44D5-B2C3-5A2AAE35AE57}.SingleImage|Any CPU.ActiveCfg = Release|Any CPU
		{01112EF8-65A5-44D5-B2C3-5A2AAE35AE57}.SingleImage|Any CPU.Build.0 = Release|Any CPU
		{01112EF8-65A5-44D5-B2C3-5A2AAE35AE57}.SingleImage|Mixed Platforms.ActiveCfg = Release|Any CPU
		{01112EF8-65A5-44D5-B2C3-5A2AAE35AE57}.SingleImage|Mixed Platforms.Build.0 = Release|Any CPU
		{01112EF8-65A5-44D5-B2C3-5A2AAE35AE57}.SingleImage|Win32.ActiveCfg = Release|Any CPU
		{01112EF8-65A5-44D5-B2C3-5A2AAE35AE57}.SingleImage|x64.ActiveCfg = Release|Any CPU
		{01112EF8-65A5-44D5-B2C3-5A2AAE35AE57}.SingleImage|x86.ActiveCfg = Release|Any CPU
		{AADD62F4-9002-4CE4-AAFF-27FF12E3FA68}.CD_ROM|Any CPU.ActiveCfg = Release|Any CPU
		{AADD62F4-9002-4CE4-AAFF-27FF12E3FA68}.CD_ROM|Any CPU.Build.0 = Release|Any CPU
		{AADD62F4-9002-4CE4-AAFF-27FF12E3FA68}.CD_ROM|Mixed Platforms.ActiveCfg = Release|Any CPU
		{AADD62F4-9002-4CE4-AAFF-27FF12E3FA68}.CD_ROM|Mixed Platforms.Build.0 = Release|Any CPU
		{AADD62F4-9002-4CE4-AAFF-27FF12E3FA68}.CD_ROM|Win32.ActiveCfg = Release|Any CPU
		{AADD62F4-9002-4CE4-AAFF-27FF12E3FA68}.CD_ROM|x64.ActiveCfg = Release|Any CPU
		{AADD62F4-9002-4CE4-AAFF-27FF12E3FA68}.CD_ROM|x86.ActiveCfg = Release|Any CPU
		{AADD62F4-9002-4CE4-AAFF-27FF12E3FA68}.CodeAnalysisDebug|Any CPU.ActiveCfg = Debug|Any CPU
		{AADD62F4-9002-4CE4-AAFF-27FF12E3FA68}.CodeAnalysisDebug|Any CPU.Build.0 = Debug|Any CPU
		{AADD62F4-9002-4CE4-AAFF-27FF12E3FA68}.CodeAnalysisDebug|Mixed Platforms.ActiveCfg = Debug|Any CPU
		{AADD62F4-9002-4CE4-AAFF-27FF12E3FA68}.CodeAnalysisDebug|Mixed Platforms.Build.0 = Debug|Any CPU
		{AADD62F4-9002-4CE4-AAFF-27FF12E3FA68}.CodeAnalysisDebug|Win32.ActiveCfg = Debug|Any CPU
		{AADD62F4-9002-4CE4-AAFF-27FF12E3FA68}.CodeAnalysisDebug|x64.ActiveCfg = Debug|Any CPU
		{AADD62F4-9002-4CE4-AAFF-27FF12E3FA68}.CodeAnalysisDebug|x86.ActiveCfg = Debug|Any CPU
		{AADD62F4-9002-4CE4-AAFF-27FF12E3FA68}.Debug|Any CPU.ActiveCfg = Debug|Any CPU
		{AADD62F4-9002-4CE4-AAFF-27FF12E3FA68}.Debug|Any CPU.Build.0 = Debug|Any CPU
		{AADD62F4-9002-4CE4-AAFF-27FF12E3FA68}.Debug|Mixed Platforms.ActiveCfg = Debug|Any CPU
		{AADD62F4-9002-4CE4-AAFF-27FF12E3FA68}.Debug|Mixed Platforms.Build.0 = Debug|Any CPU
		{AADD62F4-9002-4CE4-AAFF-27FF12E3FA68}.Debug|Win32.ActiveCfg = Debug|Any CPU
		{AADD62F4-9002-4CE4-AAFF-27FF12E3FA68}.Debug|x64.ActiveCfg = Debug|Any CPU
		{AADD62F4-9002-4CE4-AAFF-27FF12E3FA68}.Debug|x86.ActiveCfg = Debug|Any CPU
		{AADD62F4-9002-4CE4-AAFF-27FF12E3FA68}.DVD-5|Any CPU.ActiveCfg = Debug|Any CPU
		{AADD62F4-9002-4CE4-AAFF-27FF12E3FA68}.DVD-5|Any CPU.Build.0 = Debug|Any CPU
		{AADD62F4-9002-4CE4-AAFF-27FF12E3FA68}.DVD-5|Mixed Platforms.ActiveCfg = Debug|Any CPU
		{AADD62F4-9002-4CE4-AAFF-27FF12E3FA68}.DVD-5|Mixed Platforms.Build.0 = Debug|Any CPU
		{AADD62F4-9002-4CE4-AAFF-27FF12E3FA68}.DVD-5|Win32.ActiveCfg = Debug|Any CPU
		{AADD62F4-9002-4CE4-AAFF-27FF12E3FA68}.DVD-5|x64.ActiveCfg = Debug|Any CPU
		{AADD62F4-9002-4CE4-AAFF-27FF12E3FA68}.DVD-5|x86.ActiveCfg = Debug|Any CPU
		{AADD62F4-9002-4CE4-AAFF-27FF12E3FA68}.Release|Any CPU.ActiveCfg = Release|Any CPU
		{AADD62F4-9002-4CE4-AAFF-27FF12E3FA68}.Release|Any CPU.Build.0 = Release|Any CPU
		{AADD62F4-9002-4CE4-AAFF-27FF12E3FA68}.Release|Mixed Platforms.ActiveCfg = Release|Any CPU
		{AADD62F4-9002-4CE4-AAFF-27FF12E3FA68}.Release|Mixed Platforms.Build.0 = Release|Any CPU
		{AADD62F4-9002-4CE4-AAFF-27FF12E3FA68}.Release|Win32.ActiveCfg = Release|Any CPU
		{AADD62F4-9002-4CE4-AAFF-27FF12E3FA68}.Release|x64.ActiveCfg = Release|Any CPU
		{AADD62F4-9002-4CE4-AAFF-27FF12E3FA68}.Release|x86.ActiveCfg = Release|Any CPU
		{AADD62F4-9002-4CE4-AAFF-27FF12E3FA68}.SingleImage|Any CPU.ActiveCfg = Release|Any CPU
		{AADD62F4-9002-4CE4-AAFF-27FF12E3FA68}.SingleImage|Any CPU.Build.0 = Release|Any CPU
		{AADD62F4-9002-4CE4-AAFF-27FF12E3FA68}.SingleImage|Mixed Platforms.ActiveCfg = Release|Any CPU
		{AADD62F4-9002-4CE4-AAFF-27FF12E3FA68}.SingleImage|Mixed Platforms.Build.0 = Release|Any CPU
		{AADD62F4-9002-4CE4-AAFF-27FF12E3FA68}.SingleImage|Win32.ActiveCfg = Release|Any CPU
		{AADD62F4-9002-4CE4-AAFF-27FF12E3FA68}.SingleImage|x64.ActiveCfg = Release|Any CPU
		{AADD62F4-9002-4CE4-AAFF-27FF12E3FA68}.SingleImage|x86.ActiveCfg = Release|Any CPU
		{5D607C5A-F89E-4EB3-B03E-194E65E0918B}.CD_ROM|Any CPU.ActiveCfg = Release|Any CPU
		{5D607C5A-F89E-4EB3-B03E-194E65E0918B}.CD_ROM|Any CPU.Build.0 = Release|Any CPU
		{5D607C5A-F89E-4EB3-B03E-194E65E0918B}.CD_ROM|Mixed Platforms.ActiveCfg = Release|Any CPU
		{5D607C5A-F89E-4EB3-B03E-194E65E0918B}.CD_ROM|Mixed Platforms.Build.0 = Release|Any CPU
		{5D607C5A-F89E-4EB3-B03E-194E65E0918B}.CD_ROM|Win32.ActiveCfg = Release|Any CPU
		{5D607C5A-F89E-4EB3-B03E-194E65E0918B}.CD_ROM|x64.ActiveCfg = Release|Any CPU
		{5D607C5A-F89E-4EB3-B03E-194E65E0918B}.CD_ROM|x86.ActiveCfg = Release|Any CPU
		{5D607C5A-F89E-4EB3-B03E-194E65E0918B}.CodeAnalysisDebug|Any CPU.ActiveCfg = Debug|Any CPU
		{5D607C5A-F89E-4EB3-B03E-194E65E0918B}.CodeAnalysisDebug|Any CPU.Build.0 = Debug|Any CPU
		{5D607C5A-F89E-4EB3-B03E-194E65E0918B}.CodeAnalysisDebug|Mixed Platforms.ActiveCfg = Debug|Any CPU
		{5D607C5A-F89E-4EB3-B03E-194E65E0918B}.CodeAnalysisDebug|Mixed Platforms.Build.0 = Debug|Any CPU
		{5D607C5A-F89E-4EB3-B03E-194E65E0918B}.CodeAnalysisDebug|Win32.ActiveCfg = Debug|Any CPU
		{5D607C5A-F89E-4EB3-B03E-194E65E0918B}.CodeAnalysisDebug|x64.ActiveCfg = Debug|Any CPU
		{5D607C5A-F89E-4EB3-B03E-194E65E0918B}.CodeAnalysisDebug|x86.ActiveCfg = Debug|Any CPU
		{5D607C5A-F89E-4EB3-B03E-194E65E0918B}.Debug|Any CPU.ActiveCfg = Debug|Any CPU
		{5D607C5A-F89E-4EB3-B03E-194E65E0918B}.Debug|Any CPU.Build.0 = Debug|Any CPU
		{5D607C5A-F89E-4EB3-B03E-194E65E0918B}.Debug|Mixed Platforms.ActiveCfg = Debug|Any CPU
		{5D607C5A-F89E-4EB3-B03E-194E65E0918B}.Debug|Mixed Platforms.Build.0 = Debug|Any CPU
		{5D607C5A-F89E-4EB3-B03E-194E65E0918B}.Debug|Win32.ActiveCfg = Debug|Any CPU
		{5D607C5A-F89E-4EB3-B03E-194E65E0918B}.Debug|x64.ActiveCfg = Debug|Any CPU
		{5D607C5A-F89E-4EB3-B03E-194E65E0918B}.Debug|x86.ActiveCfg = Debug|Any CPU
		{5D607C5A-F89E-4EB3-B03E-194E65E0918B}.DVD-5|Any CPU.ActiveCfg = Debug|Any CPU
		{5D607C5A-F89E-4EB3-B03E-194E65E0918B}.DVD-5|Any CPU.Build.0 = Debug|Any CPU
		{5D607C5A-F89E-4EB3-B03E-194E65E0918B}.DVD-5|Mixed Platforms.ActiveCfg = Debug|Any CPU
		{5D607C5A-F89E-4EB3-B03E-194E65E0918B}.DVD-5|Mixed Platforms.Build.0 = Debug|Any CPU
		{5D607C5A-F89E-4EB3-B03E-194E65E0918B}.DVD-5|Win32.ActiveCfg = Debug|Any CPU
		{5D607C5A-F89E-4EB3-B03E-194E65E0918B}.DVD-5|x64.ActiveCfg = Debug|Any CPU
		{5D607C5A-F89E-4EB3-B03E-194E65E0918B}.DVD-5|x86.ActiveCfg = Debug|Any CPU
		{5D607C5A-F89E-4EB3-B03E-194E65E0918B}.Release|Any CPU.ActiveCfg = Release|Any CPU
		{5D607C5A-F89E-4EB3-B03E-194E65E0918B}.Release|Any CPU.Build.0 = Release|Any CPU
		{5D607C5A-F89E-4EB3-B03E-194E65E0918B}.Release|Mixed Platforms.ActiveCfg = Release|Any CPU
		{5D607C5A-F89E-4EB3-B03E-194E65E0918B}.Release|Mixed Platforms.Build.0 = Release|Any CPU
		{5D607C5A-F89E-4EB3-B03E-194E65E0918B}.Release|Win32.ActiveCfg = Release|Any CPU
		{5D607C5A-F89E-4EB3-B03E-194E65E0918B}.Release|x64.ActiveCfg = Release|Any CPU
		{5D607C5A-F89E-4EB3-B03E-194E65E0918B}.Release|x86.ActiveCfg = Release|Any CPU
		{5D607C5A-F89E-4EB3-B03E-194E65E0918B}.SingleImage|Any CPU.ActiveCfg = Release|Any CPU
		{5D607C5A-F89E-4EB3-B03E-194E65E0918B}.SingleImage|Any CPU.Build.0 = Release|Any CPU
		{5D607C5A-F89E-4EB3-B03E-194E65E0918B}.SingleImage|Mixed Platforms.ActiveCfg = Release|Any CPU
		{5D607C5A-F89E-4EB3-B03E-194E65E0918B}.SingleImage|Mixed Platforms.Build.0 = Release|Any CPU
		{5D607C5A-F89E-4EB3-B03E-194E65E0918B}.SingleImage|Win32.ActiveCfg = Release|Any CPU
		{5D607C5A-F89E-4EB3-B03E-194E65E0918B}.SingleImage|x64.ActiveCfg = Release|Any CPU
		{5D607C5A-F89E-4EB3-B03E-194E65E0918B}.SingleImage|x86.ActiveCfg = Release|Any CPU
		{E3A74F20-E27F-42BF-9ED7-48B033B878FE}.CD_ROM|Any CPU.ActiveCfg = Release|Any CPU
		{E3A74F20-E27F-42BF-9ED7-48B033B878FE}.CD_ROM|Any CPU.Build.0 = Release|Any CPU
		{E3A74F20-E27F-42BF-9ED7-48B033B878FE}.CD_ROM|Mixed Platforms.ActiveCfg = Release|Any CPU
		{E3A74F20-E27F-42BF-9ED7-48B033B878FE}.CD_ROM|Mixed Platforms.Build.0 = Release|Any CPU
		{E3A74F20-E27F-42BF-9ED7-48B033B878FE}.CD_ROM|Win32.ActiveCfg = Release|Any CPU
		{E3A74F20-E27F-42BF-9ED7-48B033B878FE}.CD_ROM|x64.ActiveCfg = Release|Any CPU
		{E3A74F20-E27F-42BF-9ED7-48B033B878FE}.CD_ROM|x86.ActiveCfg = Release|Any CPU
		{E3A74F20-E27F-42BF-9ED7-48B033B878FE}.CodeAnalysisDebug|Any CPU.ActiveCfg = Debug|Any CPU
		{E3A74F20-E27F-42BF-9ED7-48B033B878FE}.CodeAnalysisDebug|Any CPU.Build.0 = Debug|Any CPU
		{E3A74F20-E27F-42BF-9ED7-48B033B878FE}.CodeAnalysisDebug|Mixed Platforms.ActiveCfg = Debug|Any CPU
		{E3A74F20-E27F-42BF-9ED7-48B033B878FE}.CodeAnalysisDebug|Mixed Platforms.Build.0 = Debug|Any CPU
		{E3A74F20-E27F-42BF-9ED7-48B033B878FE}.CodeAnalysisDebug|Win32.ActiveCfg = Debug|Any CPU
		{E3A74F20-E27F-42BF-9ED7-48B033B878FE}.CodeAnalysisDebug|x64.ActiveCfg = Debug|Any CPU
		{E3A74F20-E27F-42BF-9ED7-48B033B878FE}.CodeAnalysisDebug|x86.ActiveCfg = Debug|Any CPU
		{E3A74F20-E27F-42BF-9ED7-48B033B878FE}.Debug|Any CPU.ActiveCfg = Debug|Any CPU
		{E3A74F20-E27F-42BF-9ED7-48B033B878FE}.Debug|Any CPU.Build.0 = Debug|Any CPU
		{E3A74F20-E27F-42BF-9ED7-48B033B878FE}.Debug|Mixed Platforms.ActiveCfg = Debug|Any CPU
		{E3A74F20-E27F-42BF-9ED7-48B033B878FE}.Debug|Mixed Platforms.Build.0 = Debug|Any CPU
		{E3A74F20-E27F-42BF-9ED7-48B033B878FE}.Debug|Win32.ActiveCfg = Debug|Any CPU
		{E3A74F20-E27F-42BF-9ED7-48B033B878FE}.Debug|x64.ActiveCfg = Debug|Any CPU
		{E3A74F20-E27F-42BF-9ED7-48B033B878FE}.Debug|x86.ActiveCfg = Debug|Any CPU
		{E3A74F20-E27F-42BF-9ED7-48B033B878FE}.DVD-5|Any CPU.ActiveCfg = Debug|Any CPU
		{E3A74F20-E27F-42BF-9ED7-48B033B878FE}.DVD-5|Any CPU.Build.0 = Debug|Any CPU
		{E3A74F20-E27F-42BF-9ED7-48B033B878FE}.DVD-5|Mixed Platforms.ActiveCfg = Debug|Any CPU
		{E3A74F20-E27F-42BF-9ED7-48B033B878FE}.DVD-5|Mixed Platforms.Build.0 = Debug|Any CPU
		{E3A74F20-E27F-42BF-9ED7-48B033B878FE}.DVD-5|Win32.ActiveCfg = Debug|Any CPU
		{E3A74F20-E27F-42BF-9ED7-48B033B878FE}.DVD-5|x64.ActiveCfg = Debug|Any CPU
		{E3A74F20-E27F-42BF-9ED7-48B033B878FE}.DVD-5|x86.ActiveCfg = Debug|Any CPU
		{E3A74F20-E27F-42BF-9ED7-48B033B878FE}.Release|Any CPU.ActiveCfg = Release|Any CPU
		{E3A74F20-E27F-42BF-9ED7-48B033B878FE}.Release|Any CPU.Build.0 = Release|Any CPU
		{E3A74F20-E27F-42BF-9ED7-48B033B878FE}.Release|Mixed Platforms.ActiveCfg = Release|Any CPU
		{E3A74F20-E27F-42BF-9ED7-48B033B878FE}.Release|Mixed Platforms.Build.0 = Release|Any CPU
		{E3A74F20-E27F-42BF-9ED7-48B033B878FE}.Release|Win32.ActiveCfg = Release|Any CPU
		{E3A74F20-E27F-42BF-9ED7-48B033B878FE}.Release|x64.ActiveCfg = Release|Any CPU
		{E3A74F20-E27F-42BF-9ED7-48B033B878FE}.Release|x86.ActiveCfg = Release|Any CPU
		{E3A74F20-E27F-42BF-9ED7-48B033B878FE}.SingleImage|Any CPU.ActiveCfg = Release|Any CPU
		{E3A74F20-E27F-42BF-9ED7-48B033B878FE}.SingleImage|Any CPU.Build.0 = Release|Any CPU
		{E3A74F20-E27F-42BF-9ED7-48B033B878FE}.SingleImage|Mixed Platforms.ActiveCfg = Release|Any CPU
		{E3A74F20-E27F-42BF-9ED7-48B033B878FE}.SingleImage|Mixed Platforms.Build.0 = Release|Any CPU
		{E3A74F20-E27F-42BF-9ED7-48B033B878FE}.SingleImage|Win32.ActiveCfg = Release|Any CPU
		{E3A74F20-E27F-42BF-9ED7-48B033B878FE}.SingleImage|x64.ActiveCfg = Release|Any CPU
		{E3A74F20-E27F-42BF-9ED7-48B033B878FE}.SingleImage|x86.ActiveCfg = Release|Any CPU
	EndGlobalSection
	GlobalSection(SolutionProperties) = preSolution
		HideSolutionNode = FALSE
	EndGlobalSection
EndGlobal
